<?xml version="1.0" encoding="UTF-8" standalone="yes" ?>
<CodeBlocks_project_file>
	<FileVersion major="1" minor="6" />
	<Project>
		<Option title="libgwr" />
		<Option compiler="gcc" />
		<Option virtualFolders="core/headers/;core/;widget/;build/;Treestore/;doc/;" />
		<Build>
			<Target title="Debug">
				<Option output="obj/Debug/gwr" prefix_auto="1" extension_auto="1" />
				<Option working_dir="" />
				<Option object_output="obj/Debug/" />
				<Option type="2" />
				<Option compiler="gcc" />
				<Option createDefFile="1" />
				<Compiler>
					<Add option="-Wall" />
					<Add option="-g" />
					<Add option="-Wno-unused-label" />
					<Add option="-ggdb" />
				</Compiler>
			</Target>
			<Target title="Release">
				<Option output="obj/Release/gwr" prefix_auto="1" extension_auto="1" />
				<Option working_dir="" />
				<Option object_output="obj/Release/" />
				<Option type="2" />
				<Option compiler="gcc" />
				<Option createDefFile="1" />
				<Compiler>
					<Add option="-fomit-frame-pointer" />
					<Add option="-O2" />
					<Add option="-Wall" />
				</Compiler>
				<Linker>
					<Add option="-s" />
				</Linker>
			</Target>
		</Build>
		<Compiler>
			<Add option="-std=c++11" />
			<Add option="-fno-rtti" />
			<Add option="-fno-exceptions" />
			<Add option="-Wno-unused-but-set-variable" />
			<Add option="`pkg-config --cflags gtk+-3.0`" />
		</Compiler>
		<Unit filename="build/Makefile">
			<Option virtualFolder="build/" />
		</Unit>
		<Unit filename="doc/done.txt">
			<Option virtualFolder="doc/" />
		</Unit>
		<Unit filename="doc/notes.txt">
			<Option virtualFolder="doc/" />
		</Unit>
		<Unit filename="doc/todo.txt">
			<Option virtualFolder="doc/" />
		</Unit>
		<Unit filename="src/libgwr-chrono.h">
			<Option virtualFolder="core/headers/" />
		</Unit>
		<Unit filename="src/libgwr-collection.h">
			<Option virtualFolder="core/headers/" />
		</Unit>
		<Unit filename="src/libgwr-color.cc">
			<Option virtualFolder="core/" />
		</Unit>
		<Unit filename="src/libgwr-color.h">
			<Option virtualFolder="core/headers/" />
		</Unit>
		<Unit filename="src/libgwr-common.cc">
			<Option virtualFolder="core/" />
		</Unit>
		<Unit filename="src/libgwr-common.h">
			<Option virtualFolder="core/headers/" />
		</Unit>
		<Unit filename="src/libgwr-counter.h">
			<Option virtualFolder="core/headers/" />
		</Unit>
		<Unit filename="src/libgwr-define-optim.h">
			<Option virtualFolder="core/headers/" />
		</Unit>
		<Unit filename="src/libgwr-env.h">
			<Option virtualFolder="core/headers/" />
		</Unit>
		<Unit filename="src/libgwr-hash.h">
			<Option virtualFolder="core/headers/" />
		</Unit>
		<Unit filename="src/libgwr-logger-channel.hi">
			<Option virtualFolder="core/headers/" />
		</Unit>
		<Unit filename="src/libgwr-logger-log.hi">
			<Option virtualFolder="core/headers/" />
		</Unit>
		<Unit filename="src/libgwr-logger-subchannel.hi">
			<Option virtualFolder="core/headers/" />
		</Unit>
		<Unit filename="src/libgwr-logger.cc">
			<Option virtualFolder="core/" />
		</Unit>
		<Unit filename="src/libgwr-logger.h">
			<Option virtualFolder="core/headers/" />
		</Unit>
		<Unit filename="src/libgwr-macro-bits.h">
			<Option virtualFolder="core/headers/" />
		</Unit>
		<Unit filename="src/libgwr-macro-console.h">
			<Option virtualFolder="core/headers/" />
		</Unit>
		<Unit filename="src/libgwr-macro.h">
			<Option virtualFolder="core/headers/" />
		</Unit>
		<Unit filename="src/libgwr-object.h">
			<Option virtualFolder="core/headers/" />
		</Unit>
		<Unit filename="src/libgwr-pipe.h">
			<Option virtualFolder="core/headers/" />
		</Unit>
		<Unit filename="src/libgwr-spacer.h">
			<Option virtualFolder="core/headers/" />
		</Unit>
		<Unit filename="src/libgwr-stack.h">
			<Option virtualFolder="core/headers/" />
		</Unit>
		<Unit filename="src/libgwr-str.h">
			<Option virtualFolder="core/headers/" />
		</Unit>
		<Unit filename="src/libgwr-t-array.h">
			<Option virtualFolder="core/headers/" />
		</Unit>
		<Unit filename="src/libgwr-t-m-array-p.h">
			<Option virtualFolder="core/headers/" />
		</Unit>
		<Unit filename="src/libgwr-text-attributes.h">
			<Option virtualFolder="core/headers/" />
		</Unit>
		<Unit filename="src/libgwr-text-style.h">
			<Option virtualFolder="core/headers/" />
		</Unit>
		<Unit filename="src/libgwr-treestore-custom.cc">
			<Option virtualFolder="Treestore/" />
		</Unit>
		<Unit filename="src/libgwr-treestore-gobject.cc">
			<Option virtualFolder="Treestore/" />
		</Unit>
		<Unit filename="src/libgwr-treestore-gtmi.cc">
			<Option virtualFolder="Treestore/" />
		</Unit>
		<Unit filename="src/libgwr-treestore-node-blocks.hi">
			<Option virtualFolder="Treestore/" />
		</Unit>
		<Unit filename="src/libgwr-treestore-nodes.cc">
			<Option virtualFolder="Treestore/" />
		</Unit>
		<Unit filename="src/libgwr-treestore-nodes.hi">
			<Option virtualFolder="Treestore/" />
		</Unit>
		<Unit filename="src/libgwr-treestore.cc">
			<Option virtualFolder="Treestore/" />
		</Unit>
		<Unit filename="src/libgwr-treestore.h">
			<Option virtualFolder="Treestore/" />
		</Unit>
		<Unit filename="src/libgwr.cc">
			<Option virtualFolder="core/" />
		</Unit>
		<Unit filename="src/libgwr.h">
			<Option virtualFolder="core/headers/" />
		</Unit>
		<Unit filename="src/widget/libgwr-widget-extensible-header.cc">
			<Option virtualFolder="widget/" />
		</Unit>
		<Unit filename="src/widget/libgwr-widget-extensible-header.h">
			<Option virtualFolder="widget/" />
		</Unit>
		<Unit filename="src/widget/libgwr-widget-gtk-utils.cc">
			<Option virtualFolder="widget/" />
		</Unit>
		<Unit filename="src/widget/libgwr-widget-gtk-utils.h">
			<Option virtualFolder="widget/" />
		</Unit>
		<Unit filename="src/widget/libgwr-widget-menu.cc">
			<Option virtualFolder="widget/" />
		</Unit>
		<Unit filename="src/widget/libgwr-widget-menu.h">
			<Option virtualFolder="widget/" />
		</Unit>
		<Unit filename="src/widget/libgwr-widget-textview.cc">
			<Option virtualFolder="widget/" />
		</Unit>
		<Unit filename="src/widget/libgwr-widget-textview.h">
			<Option virtualFolder="widget/" />
		</Unit>
		<Extensions>
			<code_completion />
			<debugger />
			<envvars />
		</Extensions>
	</Project>
</CodeBlocks_project_file>
